// !$*UTF8*$!
{
	archiveVersion = 1;
	classes = {
	};
	objectVersion = 55;
	objects = {

/* Begin PBXBuildFile section */
		717C72532907B65100F4E8A7 /* AppDelegate.swift in Sources */ = {isa = PBXBuildFile; fileRef = 717C72522907B65100F4E8A7 /* AppDelegate.swift */; };
		717C72552907B65100F4E8A7 /* SceneDelegate.swift in Sources */ = {isa = PBXBuildFile; fileRef = 717C72542907B65100F4E8A7 /* SceneDelegate.swift */; };
		717C72572907B65100F4E8A7 /* ViewController.swift in Sources */ = {isa = PBXBuildFile; fileRef = 717C72562907B65100F4E8A7 /* ViewController.swift */; };
		717C725A2907B65100F4E8A7 /* Main.storyboard in Resources */ = {isa = PBXBuildFile; fileRef = 717C72582907B65100F4E8A7 /* Main.storyboard */; };
		717C725C2907B65300F4E8A7 /* Assets.xcassets in Resources */ = {isa = PBXBuildFile; fileRef = 717C725B2907B65300F4E8A7 /* Assets.xcassets */; };
		717C725F2907B65300F4E8A7 /* LaunchScreen.storyboard in Resources */ = {isa = PBXBuildFile; fileRef = 717C725D2907B65300F4E8A7 /* LaunchScreen.storyboard */; };
		717C726A2907B65300F4E8A7 /* iOS_SpotifyTests.swift in Sources */ = {isa = PBXBuildFile; fileRef = 717C72692907B65300F4E8A7 /* iOS_SpotifyTests.swift */; };
		717C72742907B65300F4E8A7 /* iOS_SpotifyUITests.swift in Sources */ = {isa = PBXBuildFile; fileRef = 717C72732907B65300F4E8A7 /* iOS_SpotifyUITests.swift */; };
		717C72762907B65300F4E8A7 /* iOS_SpotifyUITestsLaunchTests.swift in Sources */ = {isa = PBXBuildFile; fileRef = 717C72752907B65300F4E8A7 /* iOS_SpotifyUITestsLaunchTests.swift */; };
/* End PBXBuildFile section */

/* Begin PBXContainerItemProxy section */
		717C72662907B65300F4E8A7 /* PBXContainerItemProxy */ = {
			isa = PBXContainerItemProxy;
			containerPortal = 717C72472907B65100F4E8A7 /* Project object */;
			proxyType = 1;
			remoteGlobalIDString = 717C724E2907B65100F4E8A7;
			remoteInfo = iOS_Spotify;
		};
		717C72702907B65300F4E8A7 /* PBXContainerItemProxy */ = {
			isa = PBXContainerItemProxy;
			containerPortal = 717C72472907B65100F4E8A7 /* Project object */;
			proxyType = 1;
			remoteGlobalIDString = 717C724E2907B65100F4E8A7;
			remoteInfo = iOS_Spotify;
		};
/* End PBXContainerItemProxy section */

/* Begin PBXFileReference section */
		717C724F2907B65100F4E8A7 /* iOS_Spotify.app */ = {isa = PBXFileReference; explicitFileType = wrapper.application; includeInIndex = 0; path = iOS_Spotify.app; sourceTree = BUILT_PRODUCTS_DIR; };
		717C72522907B65100F4E8A7 /* AppDelegate.swift */ = {isa = PBXFileReference; lastKnownFileType = sourcecode.swift; path = AppDelegate.swift; sourceTree = "<group>"; };
		717C72542907B65100F4E8A7 /* SceneDelegate.swift */ = {isa = PBXFileReference; lastKnownFileType = sourcecode.swift; path = SceneDelegate.swift; sourceTree = "<group>"; };
		717C72562907B65100F4E8A7 /* ViewController.swift */ = {isa = PBXFileReference; lastKnownFileType = sourcecode.swift; path = ViewController.swift; sourceTree = "<group>"; };
		717C72592907B65100F4E8A7 /* Base */ = {isa = PBXFileReference; lastKnownFileType = file.storyboard; name = Base; path = Base.lproj/Main.storyboard; sourceTree = "<group>"; };
		717C725B2907B65300F4E8A7 /* Assets.xcassets */ = {isa = PBXFileReference; lastKnownFileType = folder.assetcatalog; path = Assets.xcassets; sourceTree = "<group>"; };
		717C725E2907B65300F4E8A7 /* Base */ = {isa = PBXFileReference; lastKnownFileType = file.storyboard; name = Base; path = Base.lproj/LaunchScreen.storyboard; sourceTree = "<group>"; };
		717C72602907B65300F4E8A7 /* Info.plist */ = {isa = PBXFileReference; lastKnownFileType = text.plist.xml; path = Info.plist; sourceTree = "<group>"; };
		717C72652907B65300F4E8A7 /* iOS_SpotifyTests.xctest */ = {isa = PBXFileReference; explicitFileType = wrapper.cfbundle; includeInIndex = 0; path = iOS_SpotifyTests.xctest; sourceTree = BUILT_PRODUCTS_DIR; };
		717C72692907B65300F4E8A7 /* iOS_SpotifyTests.swift */ = {isa = PBXFileReference; lastKnownFileType = sourcecode.swift; path = iOS_SpotifyTests.swift; sourceTree = "<group>"; };
		717C726F2907B65300F4E8A7 /* iOS_SpotifyUITests.xctest */ = {isa = PBXFileReference; explicitFileType = wrapper.cfbundle; includeInIndex = 0; path = iOS_SpotifyUITests.xctest; sourceTree = BUILT_PRODUCTS_DIR; };
		717C72732907B65300F4E8A7 /* iOS_SpotifyUITests.swift */ = {isa = PBXFileReference; lastKnownFileType = sourcecode.swift; path = iOS_SpotifyUITests.swift; sourceTree = "<group>"; };
		717C72752907B65300F4E8A7 /* iOS_SpotifyUITestsLaunchTests.swift */ = {isa = PBXFileReference; lastKnownFileType = sourcecode.swift; path = iOS_SpotifyUITestsLaunchTests.swift; sourceTree = "<group>"; };
/* End PBXFileReference section */

/* Begin PBXFrameworksBuildPhase section */
		717C724C2907B65100F4E8A7 /* Frameworks */ = {
			isa = PBXFrameworksBuildPhase;
			buildActionMask = 2147483647;
			files = (
			);
			runOnlyForDeploymentPostprocessing = 0;
		};
		717C72622907B65300F4E8A7 /* Frameworks */ = {
			isa = PBXFrameworksBuildPhase;
			buildActionMask = 2147483647;
			files = (
			);
			runOnlyForDeploymentPostprocessing = 0;
		};
		717C726C2907B65300F4E8A7 /* Frameworks */ = {
			isa = PBXFrameworksBuildPhase;
			buildActionMask = 2147483647;
			files = (
			);
			runOnlyForDeploymentPostprocessing = 0;
		};
/* End PBXFrameworksBuildPhase section */

/* Begin PBXGroup section */
		717C72462907B65100F4E8A7 = {
			isa = PBXGroup;
			children = (
				717C72512907B65100F4E8A7 /* iOS_Spotify */,
				717C72682907B65300F4E8A7 /* iOS_SpotifyTests */,
				717C72722907B65300F4E8A7 /* iOS_SpotifyUITests */,
				717C72502907B65100F4E8A7 /* Products */,
			);
			sourceTree = "<group>";
		};
		717C72502907B65100F4E8A7 /* Products */ = {
			isa = PBXGroup;
			children = (
				717C724F2907B65100F4E8A7 /* iOS_Spotify.app */,
				717C72652907B65300F4E8A7 /* iOS_SpotifyTests.xctest */,
				717C726F2907B65300F4E8A7 /* iOS_SpotifyUITests.xctest */,
			);
			name = Products;
			sourceTree = "<group>";
		};
		717C72512907B65100F4E8A7 /* iOS_Spotify */ = {
			isa = PBXGroup;
			children = (
				717C72522907B65100F4E8A7 /* AppDelegate.swift */,
				717C72542907B65100F4E8A7 /* SceneDelegate.swift */,
				717C72562907B65100F4E8A7 /* ViewController.swift */,
				717C72582907B65100F4E8A7 /* Main.storyboard */,
				717C725B2907B65300F4E8A7 /* Assets.xcassets */,
				717C725D2907B65300F4E8A7 /* LaunchScreen.storyboard */,
				717C72602907B65300F4E8A7 /* Info.plist */,
			);
			path = iOS_Spotify;
			sourceTree = "<group>";
		};
		717C72682907B65300F4E8A7 /* iOS_SpotifyTests */ = {
			isa = PBXGroup;
			children = (
				717C72692907B65300F4E8A7 /* iOS_SpotifyTests.swift */,
			);
			path = iOS_SpotifyTests;
			sourceTree = "<group>";
		};
		717C72722907B65300F4E8A7 /* iOS_SpotifyUITests */ = {
			isa = PBXGroup;
			children = (
				717C72732907B65300F4E8A7 /* iOS_SpotifyUITests.swift */,
				717C72752907B65300F4E8A7 /* iOS_SpotifyUITestsLaunchTests.swift */,
			);
			path = iOS_SpotifyUITests;
			sourceTree = "<group>";
		};
/* End PBXGroup section */

/* Begin PBXNativeTarget section */
		717C724E2907B65100F4E8A7 /* iOS_Spotify */ = {
			isa = PBXNativeTarget;
			buildConfigurationList = 717C72792907B65300F4E8A7 /* Build configuration list for PBXNativeTarget "iOS_Spotify" */;
			buildPhases = (
				717C724B2907B65100F4E8A7 /* Sources */,
				717C724C2907B65100F4E8A7 /* Frameworks */,
				717C724D2907B65100F4E8A7 /* Resources */,
			);
			buildRules = (
			);
			dependencies = (
			);
			name = iOS_Spotify;
			productName = iOS_Spotify;
			productReference = 717C724F2907B65100F4E8A7 /* iOS_Spotify.app */;
			productType = "com.apple.product-type.application";
		};
		717C72642907B65300F4E8A7 /* iOS_SpotifyTests */ = {
			isa = PBXNativeTarget;
			buildConfigurationList = 717C727C2907B65300F4E8A7 /* Build configuration list for PBXNativeTarget "iOS_SpotifyTests" */;
			buildPhases = (
				717C72612907B65300F4E8A7 /* Sources */,
				717C72622907B65300F4E8A7 /* Frameworks */,
				717C72632907B65300F4E8A7 /* Resources */,
			);
			buildRules = (
			);
			dependencies = (
				717C72672907B65300F4E8A7 /* PBXTargetDependency */,
			);
			name = iOS_SpotifyTests;
			productName = iOS_SpotifyTests;
			productReference = 717C72652907B65300F4E8A7 /* iOS_SpotifyTests.xctest */;
			productType = "com.apple.product-type.bundle.unit-test";
		};
		717C726E2907B65300F4E8A7 /* iOS_SpotifyUITests */ = {
			isa = PBXNativeTarget;
			buildConfigurationList = 717C727F2907B65300F4E8A7 /* Build configuration list for PBXNativeTarget "iOS_SpotifyUITests" */;
			buildPhases = (
				717C726B2907B65300F4E8A7 /* Sources */,
				717C726C2907B65300F4E8A7 /* Frameworks */,
				717C726D2907B65300F4E8A7 /* Resources */,
			);
			buildRules = (
			);
			dependencies = (
				717C72712907B65300F4E8A7 /* PBXTargetDependency */,
			);
			name = iOS_SpotifyUITests;
			productName = iOS_SpotifyUITests;
			productReference = 717C726F2907B65300F4E8A7 /* iOS_SpotifyUITests.xctest */;
			productType = "com.apple.product-type.bundle.ui-testing";
		};
/* End PBXNativeTarget section */

/* Begin PBXProject section */
		717C72472907B65100F4E8A7 /* Project object */ = {
			isa = PBXProject;
			attributes = {
				BuildIndependentTargetsInParallel = 1;
				LastSwiftUpdateCheck = 1340;
				LastUpgradeCheck = 1340;
				TargetAttributes = {
					717C724E2907B65100F4E8A7 = {
						CreatedOnToolsVersion = 13.4.1;
					};
					717C72642907B65300F4E8A7 = {
						CreatedOnToolsVersion = 13.4.1;
						TestTargetID = 717C724E2907B65100F4E8A7;
					};
					717C726E2907B65300F4E8A7 = {
						CreatedOnToolsVersion = 13.4.1;
						TestTargetID = 717C724E2907B65100F4E8A7;
					};
				};
			};
			buildConfigurationList = 717C724A2907B65100F4E8A7 /* Build configuration list for PBXProject "SongRater" */;
			compatibilityVersion = "Xcode 13.0";
			developmentRegion = en;
			hasScannedForEncodings = 0;
			knownRegions = (
				en,
				Base,
			);
			mainGroup = 717C72462907B65100F4E8A7;
			productRefGroup = 717C72502907B65100F4E8A7 /* Products */;
			projectDirPath = "";
			projectRoot = "";
			targets = (
				717C724E2907B65100F4E8A7 /* iOS_Spotify */,
				717C72642907B65300F4E8A7 /* iOS_SpotifyTests */,
				717C726E2907B65300F4E8A7 /* iOS_SpotifyUITests */,
			);
		};
/* End PBXProject section */

/* Begin PBXResourcesBuildPhase section */
		717C724D2907B65100F4E8A7 /* Resources */ = {
			isa = PBXResourcesBuildPhase;
			buildActionMask = 2147483647;
			files = (
				717C725F2907B65300F4E8A7 /* LaunchScreen.storyboard in Resources */,
				717C725C2907B65300F4E8A7 /* Assets.xcassets in Resources */,
				717C725A2907B65100F4E8A7 /* Main.storyboard in Resources */,
			);
			runOnlyForDeploymentPostprocessing = 0;
		};
		717C72632907B65300F4E8A7 /* Resources */ = {
			isa = PBXResourcesBuildPhase;
			buildActionMask = 2147483647;
			files = (
			);
			runOnlyForDeploymentPostprocessing = 0;
		};
		717C726D2907B65300F4E8A7 /* Resources */ = {
			isa = PBXResourcesBuildPhase;
			buildActionMask = 2147483647;
			files = (
			);
			runOnlyForDeploymentPostprocessing = 0;
		};
/* End PBXResourcesBuildPhase section */

/* Begin PBXSourcesBuildPhase section */
		717C724B2907B65100F4E8A7 /* Sources */ = {
			isa = PBXSourcesBuildPhase;
			buildActionMask = 2147483647;
			files = (
				717C72572907B65100F4E8A7 /* ViewController.swift in Sources */,
				717C72532907B65100F4E8A7 /* AppDelegate.swift in Sources */,
				717C72552907B65100F4E8A7 /* SceneDelegate.swift in Sources */,
			);
			runOnlyForDeploymentPostprocessing = 0;
		};
		717C72612907B65300F4E8A7 /* Sources */ = {
			isa = PBXSourcesBuildPhase;
			buildActionMask = 2147483647;
			files = (
				717C726A2907B65300F4E8A7 /* iOS_SpotifyTests.swift in Sources */,
			);
			runOnlyForDeploymentPostprocessing = 0;
		};
		717C726B2907B65300F4E8A7 /* Sources */ = {
			isa = PBXSourcesBuildPhase;
			buildActionMask = 2147483647;
			files = (
				717C72742907B65300F4E8A7 /* iOS_SpotifyUITests.swift in Sources */,
				717C72762907B65300F4E8A7 /* iOS_SpotifyUITestsLaunchTests.swift in Sources */,
			);
			runOnlyForDeploymentPostprocessing = 0;
		};
/* End PBXSourcesBuildPhase section */

/* Begin PBXTargetDependency section */
		717C72672907B65300F4E8A7 /* PBXTargetDependency */ = {
			isa = PBXTargetDependency;
			target = 717C724E2907B65100F4E8A7 /* iOS_Spotify */;
			targetProxy = 717C72662907B65300F4E8A7 /* PBXContainerItemProxy */;
		};
		717C72712907B65300F4E8A7 /* PBXTargetDependency */ = {
			isa = PBXTargetDependency;
			target = 717C724E2907B65100F4E8A7 /* iOS_Spotify */;
			targetProxy = 717C72702907B65300F4E8A7 /* PBXContainerItemProxy */;
		};
/* End PBXTargetDependency section */

/* Begin PBXVariantGroup section */
		717C72582907B65100F4E8A7 /* Main.storyboard */ = {
			isa = PBXVariantGroup;
			children = (
				717C72592907B65100F4E8A7 /* Base */,
			);
			name = Main.storyboard;
			sourceTree = "<group>";
		};
		717C725D2907B65300F4E8A7 /* LaunchScreen.storyboard */ = {
			isa = PBXVariantGroup;
			children = (
				717C725E2907B65300F4E8A7 /* Base */,
			);
			name = LaunchScreen.storyboard;
			sourceTree = "<group>";
		};
/* End PBXVariantGroup section */

/* Begin XCBuildConfiguration section */
		717C72772907B65300F4E8A7 /* Debug */ = {
			isa = XCBuildConfiguration;
			buildSettings = {
				ALWAYS_SEARCH_USER_PATHS = NO;
				CLANG_ANALYZER_NONNULL = YES;
				CLANG_ANALYZER_NUMBER_OBJECT_CONVERSION = YES_AGGRESSIVE;
				CLANG_CXX_LANGUAGE_STANDARD = "gnu++17";
				CLANG_ENABLE_MODULES = YES;
				CLANG_ENABLE_OBJC_ARC = YES;
				CLANG_ENABLE_OBJC_WEAK = YES;
				CLANG_WARN_BLOCK_CAPTURE_AUTORELEASING = YES;
				CLANG_WARN_BOOL_CONVERSION = YES;
				CLANG_WARN_COMMA = YES;
				CLANG_WARN_CONSTANT_CONVERSION = YES;
				CLANG_WARN_DEPRECATED_OBJC_IMPLEMENTATIONS = YES;
				CLANG_WARN_DIRECT_OBJC_ISA_USAGE = YES_ERROR;
				CLANG_WARN_DOCUMENTATION_COMMENTS = YES;
				CLANG_WARN_EMPTY_BODY = YES;
				CLANG_WARN_ENUM_CONVERSION = YES;
				CLANG_WARN_INFINITE_RECURSION = YES;
				CLANG_WARN_INT_CONVERSION = YES;
				CLANG_WARN_NON_LITERAL_NULL_CONVERSION = YES;
				CLANG_WARN_OBJC_IMPLICIT_RETAIN_SELF = YES;
				CLANG_WARN_OBJC_LITERAL_CONVERSION = YES;
				CLANG_WARN_OBJC_ROOT_CLASS = YES_ERROR;
				CLANG_WARN_QUOTED_INCLUDE_IN_FRAMEWORK_HEADER = YES;
				CLANG_WARN_RANGE_LOOP_ANALYSIS = YES;
				CLANG_WARN_STRICT_PROTOTYPES = YES;
				CLANG_WARN_SUSPICIOUS_MOVE = YES;
				CLANG_WARN_UNGUARDED_AVAILABILITY = YES_AGGRESSIVE;
				CLANG_WARN_UNREACHABLE_CODE = YES;
				CLANG_WARN__DUPLICATE_METHOD_MATCH = YES;
				COPY_PHASE_STRIP = NO;
				DEBUG_INFORMATION_FORMAT = dwarf;
				ENABLE_STRICT_OBJC_MSGSEND = YES;
				ENABLE_TESTABILITY = YES;
				GCC_C_LANGUAGE_STANDARD = gnu11;
				GCC_DYNAMIC_NO_PIC = NO;
				GCC_NO_COMMON_BLOCKS = YES;
				GCC_OPTIMIZATION_LEVEL = 0;
				GCC_PREPROCESSOR_DEFINITIONS = (
					"DEBUG=1",
					"$(inherited)",
				);
				GCC_WARN_64_TO_32_BIT_CONVERSION = YES;
				GCC_WARN_ABOUT_RETURN_TYPE = YES_ERROR;
				GCC_WARN_UNDECLARED_SELECTOR = YES;
				GCC_WARN_UNINITIALIZED_AUTOS = YES_AGGRESSIVE;
				GCC_WARN_UNUSED_FUNCTION = YES;
				GCC_WARN_UNUSED_VARIABLE = YES;
				IPHONEOS_DEPLOYMENT_TARGET = 15.5;
				MTL_ENABLE_DEBUG_INFO = INCLUDE_SOURCE;
				MTL_FAST_MATH = YES;
				ONLY_ACTIVE_ARCH = YES;
				SDKROOT = iphoneos;
				SWIFT_ACTIVE_COMPILATION_CONDITIONS = DEBUG;
				SWIFT_OPTIMIZATION_LEVEL = "-Onone";
			};
			name = Debug;
		};
		717C72782907B65300F4E8A7 /* Release */ = {
			isa = XCBuildConfiguration;
			buildSettings = {
				ALWAYS_SEARCH_USER_PATHS = NO;
				CLANG_ANALYZER_NONNULL = YES;
				CLANG_ANALYZER_NUMBER_OBJECT_CONVERSION = YES_AGGRESSIVE;
				CLANG_CXX_LANGUAGE_STANDARD = "gnu++17";
				CLANG_ENABLE_MODULES = YES;
				CLANG_ENABLE_OBJC_ARC = YES;
				CLANG_ENABLE_OBJC_WEAK = YES;
				CLANG_WARN_BLOCK_CAPTURE_AUTORELEASING = YES;
				CLANG_WARN_BOOL_CONVERSION = YES;
				CLANG_WARN_COMMA = YES;
				CLANG_WARN_CONSTANT_CONVERSION = YES;
				CLANG_WARN_DEPRECATED_OBJC_IMPLEMENTATIONS = YES;
				CLANG_WARN_DIRECT_OBJC_ISA_USAGE = YES_ERROR;
				CLANG_WARN_DOCUMENTATION_COMMENTS = YES;
				CLANG_WARN_EMPTY_BODY = YES;
				CLANG_WARN_ENUM_CONVERSION = YES;
				CLANG_WARN_INFINITE_RECURSION = YES;
				CLANG_WARN_INT_CONVERSION = YES;
				CLANG_WARN_NON_LITERAL_NULL_CONVERSION = YES;
				CLANG_WARN_OBJC_IMPLICIT_RETAIN_SELF = YES;
				CLANG_WARN_OBJC_LITERAL_CONVERSION = YES;
				CLANG_WARN_OBJC_ROOT_CLASS = YES_ERROR;
				CLANG_WARN_QUOTED_INCLUDE_IN_FRAMEWORK_HEADER = YES;
				CLANG_WARN_RANGE_LOOP_ANALYSIS = YES;
				CLANG_WARN_STRICT_PROTOTYPES = YES;
				CLANG_WARN_SUSPICIOUS_MOVE = YES;
				CLANG_WARN_UNGUARDED_AVAILABILITY = YES_AGGRESSIVE;
				CLANG_WARN_UNREACHABLE_CODE = YES;
				CLANG_WARN__DUPLICATE_METHOD_MATCH = YES;
				COPY_PHASE_STRIP = NO;
				DEBUG_INFORMATION_FORMAT = "dwarf-with-dsym";
				ENABLE_NS_ASSERTIONS = NO;
				ENABLE_STRICT_OBJC_MSGSEND = YES;
				GCC_C_LANGUAGE_STANDARD = gnu11;
				GCC_NO_COMMON_BLOCKS = YES;
				GCC_WARN_64_TO_32_BIT_CONVERSION = YES;
				GCC_WARN_ABOUT_RETURN_TYPE = YES_ERROR;
				GCC_WARN_UNDECLARED_SELECTOR = YES;
				GCC_WARN_UNINITIALIZED_AUTOS = YES_AGGRESSIVE;
				GCC_WARN_UNUSED_FUNCTION = YES;
				GCC_WARN_UNUSED_VARIABLE = YES;
				IPHONEOS_DEPLOYMENT_TARGET = 15.5;
				MTL_ENABLE_DEBUG_INFO = NO;
				MTL_FAST_MATH = YES;
				SDKROOT = iphoneos;
				SWIFT_COMPILATION_MODE = wholemodule;
				SWIFT_OPTIMIZATION_LEVEL = "-O";
				VALIDATE_PRODUCT = YES;
			};
			name = Release;
		};
		717C727A2907B65300F4E8A7 /* Debug */ = {
			isa = XCBuildConfiguration;
			buildSettings = {
				ASSETCATALOG_COMPILER_APPICON_NAME = AppIcon;
				ASSETCATALOG_COMPILER_GLOBAL_ACCENT_COLOR_NAME = AccentColor;
				CODE_SIGN_STYLE = Automatic;
				CURRENT_PROJECT_VERSION = 1;
				DEVELOPMENT_TEAM = 4C2D2RVKKF;
				GENERATE_INFOPLIST_FILE = YES;
				INFOPLIST_FILE = iOS_Spotify/Info.plist;
				INFOPLIST_KEY_UIApplicationSupportsIndirectInputEvents = YES;
				INFOPLIST_KEY_UILaunchStoryboardName = LaunchScreen;
				INFOPLIST_KEY_UIMainStoryboardFile = Main;
				INFOPLIST_KEY_UISupportedInterfaceOrientations_iPad = "UIInterfaceOrientationPortrait UIInterfaceOrientationPortraitUpsideDown UIInterfaceOrientationLandscapeLeft UIInterfaceOrientationLandscapeRight";
				INFOPLIST_KEY_UISupportedInterfaceOrientations_iPhone = "UIInterfaceOrientationPortrait UIInterfaceOrientationLandscapeLeft UIInterfaceOrientationLandscapeRight";
				LD_RUNPATH_SEARCH_PATHS = (
					"$(inherited)",
					"@executable_path/Frameworks",
				);
				MARKETING_VERSION = 1.0;
				PRODUCT_BUNDLE_IDENTIFIER = "codepathgroup7.iOS-Spotify";
				PRODUCT_NAME = "$(TARGET_NAME)";
				SWIFT_EMIT_LOC_STRINGS = YES;
				SWIFT_VERSION = 5.0;
				TARGETED_DEVICE_FAMILY = "1,2";
			};
			name = Debug;
		};
		717C727B2907B65300F4E8A7 /* Release */ = {
			isa = XCBuildConfiguration;
			buildSettings = {
				ASSETCATALOG_COMPILER_APPICON_NAME = AppIcon;
				ASSETCATALOG_COMPILER_GLOBAL_ACCENT_COLOR_NAME = AccentColor;
				CODE_SIGN_STYLE = Automatic;
				CURRENT_PROJECT_VERSION = 1;
				DEVELOPMENT_TEAM = 4C2D2RVKKF;
				GENERATE_INFOPLIST_FILE = YES;
				INFOPLIST_FILE = iOS_Spotify/Info.plist;
				INFOPLIST_KEY_UIApplicationSupportsIndirectInputEvents = YES;
				INFOPLIST_KEY_UILaunchStoryboardName = LaunchScreen;
				INFOPLIST_KEY_UIMainStoryboardFile = Main;
				INFOPLIST_KEY_UISupportedInterfaceOrientations_iPad = "UIInterfaceOrientationPortrait UIInterfaceOrientationPortraitUpsideDown UIInterfaceOrientationLandscapeLeft UIInterfaceOrientationLandscapeRight";
				INFOPLIST_KEY_UISupportedInterfaceOrientations_iPhone = "UIInterfaceOrientationPortrait UIInterfaceOrientationLandscapeLeft UIInterfaceOrientationLandscapeRight";
				LD_RUNPATH_SEARCH_PATHS = (
					"$(inherited)",
					"@executable_path/Frameworks",
				);
				MARKETING_VERSION = 1.0;
				PRODUCT_BUNDLE_IDENTIFIER = "codepathgroup7.iOS-Spotify";
				PRODUCT_NAME = "$(TARGET_NAME)";
				SWIFT_EMIT_LOC_STRINGS = YES;
				SWIFT_VERSION = 5.0;
				TARGETED_DEVICE_FAMILY = "1,2";
			};
			name = Release;
		};
		717C727D2907B65300F4E8A7 /* Debug */ = {
			isa = XCBuildConfiguration;
			buildSettings = {
				ALWAYS_EMBED_SWIFT_STANDARD_LIBRARIES = YES;
				BUNDLE_LOADER = "$(TEST_HOST)";
				CODE_SIGN_STYLE = Automatic;
				CURRENT_PROJECT_VERSION = 1;
				DEVELOPMENT_TEAM = 4C2D2RVKKF;
				GENERATE_INFOPLIST_FILE = YES;
				IPHONEOS_DEPLOYMENT_TARGET = 15.5;
				MARKETING_VERSION = 1.0;
				PRODUCT_BUNDLE_IDENTIFIER = "codepathgroup7.iOS-SpotifyTests";
				PRODUCT_NAME = "$(TARGET_NAME)";
				SWIFT_EMIT_LOC_STRINGS = NO;
				SWIFT_VERSION = 5.0;
				TARGETED_DEVICE_FAMILY = "1,2";
				TEST_HOST = "$(BUILT_PRODUCTS_DIR)/iOS_Spotify.app/iOS_Spotify";
			};
			name = Debug;
		};
		717C727E2907B65300F4E8A7 /* Release */ = {
			isa = XCBuildConfiguration;
			buildSettings = {
				ALWAYS_EMBED_SWIFT_STANDARD_LIBRARIES = YES;
				BUNDLE_LOADER = "$(TEST_HOST)";
				CODE_SIGN_STYLE = Automatic;
				CURRENT_PROJECT_VERSION = 1;
				DEVELOPMENT_TEAM = 4C2D2RVKKF;
				GENERATE_INFOPLIST_FILE = YES;
				IPHONEOS_DEPLOYMENT_TARGET = 15.5;
				MARKETING_VERSION = 1.0;
				PRODUCT_BUNDLE_IDENTIFIER = "codepathgroup7.iOS-SpotifyTests";
				PRODUCT_NAME = "$(TARGET_NAME)";
				SWIFT_EMIT_LOC_STRINGS = NO;
				SWIFT_VERSION = 5.0;
				TARGETED_DEVICE_FAMILY = "1,2";
				TEST_HOST = "$(BUILT_PRODUCTS_DIR)/iOS_Spotify.app/iOS_Spotify";
			};
			name = Release;
		};
		717C72802907B65300F4E8A7 /* Debug */ = {
			isa = XCBuildConfiguration;
			buildSettings = {
				ALWAYS_EMBED_SWIFT_STANDARD_LIBRARIES = YES;
				CODE_SIGN_STYLE = Automatic;
				CURRENT_PROJECT_VERSION = 1;
				DEVELOPMENT_TEAM = 4C2D2RVKKF;
				GENERATE_INFOPLIST_FILE = YES;
				MARKETING_VERSION = 1.0;
				PRODUCT_BUNDLE_IDENTIFIER = "codepathgroup7.iOS-SpotifyUITests";
				PRODUCT_NAME = "$(TARGET_NAME)";
				SWIFT_EMIT_LOC_STRINGS = NO;
				SWIFT_VERSION = 5.0;
				TARGETED_DEVICE_FAMILY = "1,2";
				TEST_TARGET_NAME = iOS_Spotify;
			};
			name = Debug;
		};
		717C72812907B65300F4E8A7 /* Release */ = {
			isa = XCBuildConfiguration;
			buildSettings = {
				ALWAYS_EMBED_SWIFT_STANDARD_LIBRARIES = YES;
				CODE_SIGN_STYLE = Automatic;
				CURRENT_PROJECT_VERSION = 1;
				DEVELOPMENT_TEAM = 4C2D2RVKKF;
				GENERATE_INFOPLIST_FILE = YES;
				MARKETING_VERSION = 1.0;
				PRODUCT_BUNDLE_IDENTIFIER = "codepathgroup7.iOS-SpotifyUITests";
				PRODUCT_NAME = "$(TARGET_NAME)";
				SWIFT_EMIT_LOC_STRINGS = NO;
				SWIFT_VERSION = 5.0;
				TARGETED_DEVICE_FAMILY = "1,2";
				TEST_TARGET_NAME = iOS_Spotify;
			};
			name = Release;
		};
/* End XCBuildConfiguration section */

/* Begin XCConfigurationList section */
		717C724A2907B65100F4E8A7 /* Build configuration list for PBXProject "SongRater" */ = {
			isa = XCConfigurationList;
			buildConfigurations = (
				717C72772907B65300F4E8A7 /* Debug */,
				717C72782907B65300F4E8A7 /* Release */,
			);
			defaultConfigurationIsVisible = 0;
			defaultConfigurationName = Release;
		};
		717C72792907B65300F4E8A7 /* Build configuration list for PBXNativeTarget "iOS_Spotify" */ = {
			isa = XCConfigurationList;
			buildConfigurations = (
				717C727A2907B65300F4E8A7 /* Debug */,
				717C727B2907B65300F4E8A7 /* Release */,
			);
			defaultConfigurationIsVisible = 0;
			defaultConfigurationName = Release;
		};
		717C727C2907B65300F4E8A7 /* Build configuration list for PBXNativeTarget "iOS_SpotifyTests" */ = {
			isa = XCConfigurationList;
			buildConfigurations = (
				717C727D2907B65300F4E8A7 /* Debug */,
				717C727E2907B65300F4E8A7 /* Release */,
			);
			defaultConfigurationIsVisible = 0;
			defaultConfigurationName = Release;
		};
		717C727F2907B65300F4E8A7 /* Build configuration list for PBXNativeTarget "iOS_SpotifyUITests" */ = {
			isa = XCConfigurationList;
			buildConfigurations = (
				717C72802907B65300F4E8A7 /* Debug */,
				717C72812907B65300F4E8A7 /* Release */,
			);
			defaultConfigurationIsVisible = 0;
			defaultConfigurationName = Release;
		};
/* End XCConfigurationList section */
	};
	rootObject = 717C72472907B65100F4E8A7 /* Project object */;
}
